// !$*UTF8*$!
{
	archiveVersion = 1;
	classes = {
	};
	objectVersion = 46;
	objects = {

/* Begin PBXBuildFile section */
		572272451FCDCC9B0091DAAF /* Drapanddrop.swift in Sources */ = {isa = PBXBuildFile; fileRef = 572272441FCDCC9A0091DAAF /* Drapanddrop.swift */; };
		572272471FCDCDC70091DAAF /* DragView.swift in Sources */ = {isa = PBXBuildFile; fileRef = 572272461FCDCDC70091DAAF /* DragView.swift */; };
		576646161DEB3C2600D6DB86 /* AppDelegate.swift in Sources */ = {isa = PBXBuildFile; fileRef = 576646151DEB3C2600D6DB86 /* AppDelegate.swift */; };
		576646181DEB3C2600D6DB86 /* ViewController.swift in Sources */ = {isa = PBXBuildFile; fileRef = 576646171DEB3C2600D6DB86 /* ViewController.swift */; };
		5766461A1DEB3C2600D6DB86 /* Assets.xcassets in Resources */ = {isa = PBXBuildFile; fileRef = 576646191DEB3C2600D6DB86 /* Assets.xcassets */; };
		5766461D1DEB3C2600D6DB86 /* Main.storyboard in Resources */ = {isa = PBXBuildFile; fileRef = 5766461B1DEB3C2600D6DB86 /* Main.storyboard */; };
/* End PBXBuildFile section */

/* Begin PBXFileReference section */
		572272441FCDCC9A0091DAAF /* Drapanddrop.swift */ = {isa = PBXFileReference; fileEncoding = 4; lastKnownFileType = sourcecode.swift; path = Drapanddrop.swift; sourceTree = "<group>"; };
		572272461FCDCDC70091DAAF /* DragView.swift */ = {isa = PBXFileReference; lastKnownFileType = sourcecode.swift; path = DragView.swift; sourceTree = "<group>"; };
		576646121DEB3C2600D6DB86 /* dragANDdrop.app */ = {isa = PBXFileReference; explicitFileType = wrapper.application; includeInIndex = 0; path = dragANDdrop.app; sourceTree = BUILT_PRODUCTS_DIR; };
		576646151DEB3C2600D6DB86 /* AppDelegate.swift */ = {isa = PBXFileReference; lastKnownFileType = sourcecode.swift; path = AppDelegate.swift; sourceTree = "<group>"; };
		576646171DEB3C2600D6DB86 /* ViewController.swift */ = {isa = PBXFileReference; lastKnownFileType = sourcecode.swift; path = ViewController.swift; sourceTree = "<group>"; };
		576646191DEB3C2600D6DB86 /* Assets.xcassets */ = {isa = PBXFileReference; lastKnownFileType = folder.assetcatalog; path = Assets.xcassets; sourceTree = "<group>"; };
		5766461C1DEB3C2600D6DB86 /* Base */ = {isa = PBXFileReference; lastKnownFileType = file.storyboard; name = Base; path = Base.lproj/Main.storyboard; sourceTree = "<group>"; };
		5766461E1DEB3C2600D6DB86 /* Info.plist */ = {isa = PBXFileReference; lastKnownFileType = text.plist.xml; path = Info.plist; sourceTree = "<group>"; };
/* End PBXFileReference section */

/* Begin PBXFrameworksBuildPhase section */
		5766460F1DEB3C2600D6DB86 /* Frameworks */ = {
			isa = PBXFrameworksBuildPhase;
			buildActionMask = 2147483647;
			files = (
			);
			runOnlyForDeploymentPostprocessing = 0;
		};
/* End PBXFrameworksBuildPhase section */

/* Begin PBXGroup section */
		576646091DEB3C2600D6DB86 = {
			isa = PBXGroup;
			children = (
				576646141DEB3C2600D6DB86 /* dragANDdrop */,
				576646131DEB3C2600D6DB86 /* Products */,
			);
			sourceTree = "<group>";
		};
		576646131DEB3C2600D6DB86 /* Products */ = {
			isa = PBXGroup;
			children = (
				576646121DEB3C2600D6DB86 /* dragANDdrop.app */,
			);
			name = Products;
			sourceTree = "<group>";
		};
		576646141DEB3C2600D6DB86 /* dragANDdrop */ = {
			isa = PBXGroup;
			children = (
				572272441FCDCC9A0091DAAF /* Drapanddrop.swift */,
				576646151DEB3C2600D6DB86 /* AppDelegate.swift */,
				576646171DEB3C2600D6DB86 /* ViewController.swift */,
				576646191DEB3C2600D6DB86 /* Assets.xcassets */,
				5766461B1DEB3C2600D6DB86 /* Main.storyboard */,
				5766461E1DEB3C2600D6DB86 /* Info.plist */,
				572272461FCDCDC70091DAAF /* DragView.swift */,
			);
			path = dragANDdrop;
			sourceTree = "<group>";
		};
/* End PBXGroup section */

/* Begin PBXNativeTarget section */
		576646111DEB3C2600D6DB86 /* dragANDdrop */ = {
			isa = PBXNativeTarget;
			buildConfigurationList = 576646211DEB3C2600D6DB86 /* Build configuration list for PBXNativeTarget "dragANDdrop" */;
			buildPhases = (
				5766460E1DEB3C2600D6DB86 /* Sources */,
				5766460F1DEB3C2600D6DB86 /* Frameworks */,
				576646101DEB3C2600D6DB86 /* Resources */,
			);
			buildRules = (
			);
			dependencies = (
			);
			name = dragANDdrop;
			productName = dragANDdrop;
			productReference = 576646121DEB3C2600D6DB86 /* dragANDdrop.app */;
			productType = "com.apple.product-type.application";
		};
/* End PBXNativeTarget section */

/* Begin PBXProject section */
		5766460A1DEB3C2600D6DB86 /* Project object */ = {
			isa = PBXProject;
			attributes = {
				LastSwiftUpdateCheck = 0810;
				LastUpgradeCheck = 0940;
				ORGANIZATIONNAME = purzelbaum.hu;
				TargetAttributes = {
					576646111DEB3C2600D6DB86 = {
						CreatedOnToolsVersion = 8.1;
						DevelopmentTeam = 358WHQF94W;
						LastSwiftMigration = 0940;
						ProvisioningStyle = Automatic;
					};
				};
			};
			buildConfigurationList = 5766460D1DEB3C2600D6DB86 /* Build configuration list for PBXProject "dragANDdrop" */;
			compatibilityVersion = "Xcode 3.2";
			developmentRegion = English;
			hasScannedForEncodings = 0;
			knownRegions = (
				en,
				Base,
			);
			mainGroup = 576646091DEB3C2600D6DB86;
			productRefGroup = 576646131DEB3C2600D6DB86 /* Products */;
			projectDirPath = "";
			projectRoot = "";
			targets = (
				576646111DEB3C2600D6DB86 /* dragANDdrop */,
			);
		};
/* End PBXProject section */

/* Begin PBXResourcesBuildPhase section */
		576646101DEB3C2600D6DB86 /* Resources */ = {
			isa = PBXResourcesBuildPhase;
			buildActionMask = 2147483647;
			files = (
				5766461A1DEB3C2600D6DB86 /* Assets.xcassets in Resources */,
				5766461D1DEB3C2600D6DB86 /* Main.storyboard in Resources */,
			);
			runOnlyForDeploymentPostprocessing = 0;
		};
/* End PBXResourcesBuildPhase section */

/* Begin PBXSourcesBuildPhase section */
		5766460E1DEB3C2600D6DB86 /* Sources */ = {
			isa = PBXSourcesBuildPhase;
			buildActionMask = 2147483647;
			files = (
				576646181DEB3C2600D6DB86 /* ViewController.swift in Sources */,
				572272451FCDCC9B0091DAAF /* Drapanddrop.swift in Sources */,
				572272471FCDCDC70091DAAF /* DragView.swift in Sources */,
				576646161DEB3C2600D6DB86 /* AppDelegate.swift in Sources */,
			);
			runOnlyForDeploymentPostprocessing = 0;
		};
/* End PBXSourcesBuildPhase section */

/* Begin PBXVariantGroup section */
		5766461B1DEB3C2600D6DB86 /* Main.storyboard */ = {
			isa = PBXVariantGroup;
			children = (
				5766461C1DEB3C2600D6DB86 /* Base */,
			);
			name = Main.storyboard;
			sourceTree = "<group>";
		};
/* End PBXVariantGroup section */

/* Begin XCBuildConfiguration section */
		5766461F1DEB3C2600D6DB86 /* Debug */ = {
			isa = XCBuildConfiguration;
			buildSettings = {
				ALWAYS_SEARCH_USER_PATHS = NO;
				CLANG_ANALYZER_NONNULL = YES;
				CLANG_CXX_LANGUAGE_STANDARD = "gnu++0x";
				CLANG_CXX_LIBRARY = "libc++";
				CLANG_ENABLE_MODULES = YES;
				CLANG_ENABLE_OBJC_ARC = YES;
				CLANG_WARN_BLOCK_CAPTURE_AUTORELEASING = YES;
				CLANG_WARN_BOOL_CONVERSION = YES;
				CLANG_WARN_COMMA = YES;
				CLANG_WARN_CONSTANT_CONVERSION = YES;
				CLANG_WARN_DEPRECATED_OBJC_IMPLEMENTATIONS = YES;
				CLANG_WARN_DIRECT_OBJC_ISA_USAGE = YES_ERROR;
				CLANG_WARN_DOCUMENTATION_COMMENTS = YES;
				CLANG_WARN_EMPTY_BODY = YES;
				CLANG_WARN_ENUM_CONVERSION = YES;
				CLANG_WARN_INFINITE_RECURSION = YES;
				CLANG_WARN_INT_CONVERSION = YES;
				CLANG_WARN_NON_LITERAL_NULL_CONVERSION = YES;
				CLANG_WARN_OBJC_IMPLICIT_RETAIN_SELF = YES;
				CLANG_WARN_OBJC_LITERAL_CONVERSION = YES;
				CLANG_WARN_OBJC_ROOT_CLASS = YES_ERROR;
				CLANG_WARN_RANGE_LOOP_ANALYSIS = YES;
				CLANG_WARN_STRICT_PROTOTYPES = YES;
				CLANG_WARN_SUSPICIOUS_MOVE = YES;
				CLANG_WARN_SUSPICIOUS_MOVES = YES;
				CLANG_WARN_UNREACHABLE_CODE = YES;
				CLANG_WARN__DUPLICATE_METHOD_MATCH = YES;
				CODE_SIGN_IDENTITY = "-";
				COPY_PHASE_STRIP = NO;
				DEBUG_INFORMATION_FORMAT = dwarf;
				ENABLE_STRICT_OBJC_MSGSEND = YES;
				ENABLE_TESTABILITY = YES;
				GCC_C_LANGUAGE_STANDARD = gnu99;
				GCC_DYNAMIC_NO_PIC = NO;
				GCC_NO_COMMON_BLOCKS = YES;
				GCC_OPTIMIZATION_LEVEL = 0;
				GCC_PREPROCESSOR_DEFINITIONS = (
					"DEBUG=1",
					"$(inherited)",
				);
				GCC_WARN_64_TO_32_BIT_CONVERSION = YES;
				GCC_WARN_ABOUT_RETURN_TYPE = YES_ERROR;
				GCC_WARN_UNDECLARED_SELECTOR = YES;
				GCC_WARN_UNINITIALIZED_AUTOS = YES_AGGRESSIVE;
				GCC_WARN_UNUSED_FUNCTION = YES;
				GCC_WARN_UNUSED_VARIABLE = YES;
				MACOSX_DEPLOYMENT_TARGET = 10.13;
				MTL_ENABLE_DEBUG_INFO = YES;
				ONLY_ACTIVE_ARCH = YES;
				SDKROOT = macosx;
				SWIFT_ACTIVE_COMPILATION_CONDITIONS = DEBUG;
				SWIFT_OPTIMIZATION_LEVEL = "-Onone";
			};
			name = Debug;
		};
		576646201DEB3C2600D6DB86 /* Release */ = {
			isa = XCBuildConfiguration;
			buildSettings = {
				ALWAYS_SEARCH_USER_PATHS = NO;
				CLANG_ANALYZER_NONNULL = YES;
				CLANG_CXX_LANGUAGE_STANDARD = "gnu++0x";
				CLANG_CXX_LIBRARY = "libc++";
				CLANG_ENABLE_MODULES = YES;
				CLANG_ENABLE_OBJC_ARC = YES;
				CLANG_WARN_BLOCK_CAPTURE_AUTORELEASING = YES;
				CLANG_WARN_BOOL_CONVERSION = YES;
				CLANG_WARN_COMMA = YES;
				CLANG_WARN_CONSTANT_CONVERSION = YES;
				CLANG_WARN_DEPRECATED_OBJC_IMPLEMENTATIONS = YES;
				CLANG_WARN_DIRECT_OBJC_ISA_USAGE = YES_ERROR;
				CLANG_WARN_DOCUMENTATION_COMMENTS = YES;
				CLANG_WARN_EMPTY_BODY = YES;
				CLANG_WARN_ENUM_CONVERSION = YES;
				CLANG_WARN_INFINITE_RECURSION = YES;
				CLANG_WARN_INT_CONVERSION = YES;
				CLANG_WARN_NON_LITERAL_NULL_CONVERSION = YES;
				CLANG_WARN_OBJC_IMPLICIT_RETAIN_SELF = YES;
				CLANG_WARN_OBJC_LITERAL_CONVERSION = YES;
				CLANG_WARN_OBJC_ROOT_CLASS = YES_ERROR;
				CLANG_WARN_RANGE_LOOP_ANALYSIS = YES;
				CLANG_WARN_STRICT_PROTOTYPES = YES;
				CLANG_WARN_SUSPICIOUS_MOVE = YES;
				CLANG_WARN_SUSPICIOUS_MOVES = YES;
				CLANG_WARN_UNREACHABLE_CODE = YES;
				CLANG_WARN__DUPLICATE_METHOD_MATCH = YES;
				CODE_SIGN_IDENTITY = "-";
				COPY_PHASE_STRIP = NO;
				DEBUG_INFORMATION_FORMAT = "dwarf-with-dsym";
				ENABLE_NS_ASSERTIONS = NO;
				ENABLE_STRICT_OBJC_MSGSEND = YES;
				GCC_C_LANGUAGE_STANDARD = gnu99;
				GCC_NO_COMMON_BLOCKS = YES;
				GCC_WARN_64_TO_32_BIT_CONVERSION = YES;
				GCC_WARN_ABOUT_RETURN_TYPE = YES_ERROR;
				GCC_WARN_UNDECLARED_SELECTOR = YES;
				GCC_WARN_UNINITIALIZED_AUTOS = YES_AGGRESSIVE;
				GCC_WARN_UNUSED_FUNCTION = YES;
				GCC_WARN_UNUSED_VARIABLE = YES;
				MACOSX_DEPLOYMENT_TARGET = 10.13;
				MTL_ENABLE_DEBUG_INFO = NO;
				SDKROOT = macosx;
				SWIFT_OPTIMIZATION_LEVEL = "-Owholemodule";
			};
			name = Release;
		};
		576646221DEB3C2600D6DB86 /* Debug */ = {
			isa = XCBuildConfiguration;
			buildSettings = {
				ASSETCATALOG_COMPILER_APPICON_NAME = AppIcon;
				CODE_SIGN_IDENTITY = "Mac Developer";
				COMBINE_HIDPI_IMAGES = YES;
				DEVELOPMENT_TEAM = 358WHQF94W;
				INFOPLIST_FILE = dragANDdrop/Info.plist;
				LD_RUNPATH_SEARCH_PATHS = "$(inherited) @executable_path/../Frameworks";
				PRODUCT_BUNDLE_IDENTIFIER = hu.purzelbaum.dragANDdrop;
				PRODUCT_NAME = "$(TARGET_NAME)";
				SWIFT_SWIFT3_OBJC_INFERENCE = On;
				SWIFT_VERSION = 4.0;
			};
			name = Debug;
		};
		576646231DEB3C2600D6DB86 /* Release */ = {
			isa = XCBuildConfiguration;
			buildSettings = {
				ASSETCATALOG_COMPILER_APPICON_NAME = AppIcon;
				CODE_SIGN_IDENTITY = "Mac Developer";
				COMBINE_HIDPI_IMAGES = YES;
				DEVELOPMENT_TEAM = 358WHQF94W;
				INFOPLIST_FILE = dragANDdrop/Info.plist;
				LD_RUNPATH_SEARCH_PATHS = "$(inherited) @executable_path/../Frameworks";
				PRODUCT_BUNDLE_IDENTIFIER = hu.purzelbaum.dragANDdrop;
				PRODUCT_NAME = "$(TARGET_NAME)";
				SWIFT_SWIFT3_OBJC_INFERENCE = On;
				SWIFT_VERSION = 4.0;
			};
			name = Release;
		};
/* End XCBuildConfiguration section */

/* Begin XCConfigurationList section */
		5766460D1DEB3C2600D6DB86 /* Build configuration list for PBXProject "dragANDdrop" */ = {
			isa = XCConfigurationList;
			buildConfigurations = (
				5766461F1DEB3C2600D6DB86 /* Debug */,
				576646201DEB3C2600D6DB86 /* Release */,
			);
			defaultConfigurationIsVisible = 0;
			defaultConfigurationName = Release;
		};
		576646211DEB3C2600D6DB86 /* Build configuration list for PBXNativeTarget "dragANDdrop" */ = {
			isa = XCConfigurationList;
			buildConfigurations = (
				576646221DEB3C2600D6DB86 /* Debug */,
				576646231DEB3C2600D6DB86 /* Release */,
			);
			defaultConfigurationIsVisible = 0;
			defaultConfigurationName = Release;
		};
/* End XCConfigurationList section */
	};
	rootObject = 5766460A1DEB3C2600D6DB86 /* Project object */;
}
